
Microsoft Visual Studio Solution File, Format Version 12.00
# Visual Studio Version 16
VisualStudioVersion = 16.0.30011.22
MinimumVisualStudioVersion = 10.0.40219.1
Project("{FAE04EC0-301F-11D3-BF4B-00C04F79EFBC}") = "TableauReportsVersion", "TableauReportsVersion\TableauReportsVersion.csproj", "{E421D51B-03CE-4056-9589-46BC9D1A31AB}"
EndProject
Global
	GlobalSection(SolutionConfigurationPlatforms) = preSolution
		Debug|Any CPU = Debug|Any CPU
		Release|Any CPU = Release|Any CPU
	EndGlobalSection
	GlobalSection(ProjectConfigurationPlatforms) = postSolution
		{E421D51B-03CE-4056-9589-46BC9D1A31AB}.Debug|Any CPU.ActiveCfg = Debug|Any CPU
		{E421D51B-03CE-4056-9589-46BC9D1A31AB}.Debug|Any CPU.Build.0 = Debug|Any CPU
		{E421D51B-03CE-4056-9589-46BC9D1A31AB}.Release|Any CPU.ActiveCfg = Release|Any CPU
		{E421D51B-03CE-4056-9589-46BC9D1A31AB}.Release|Any CPU.Build.0 = Release|Any CPU
	EndGlobalSection
	GlobalSection(SolutionProperties) = preSolution
		HideSolutionNode = FALSE
	EndGlobalSection
	GlobalSection(ExtensibilityGlobals) = postSolution
		SolutionGuid = {5884ACDB-BDD3-40E5-8876-8B6BC190F946}
	EndGlobalSection
EndGlobal
